
Microsoft Visual Studio Solution File, Format Version 12.00
# Visual Studio Version 17
VisualStudioVersion = 17.4.33205.214
MinimumVisualStudioVersion = 10.0.40219.1
Project("{9A19103F-16F7-4668-BE54-9A1E7A4F7556}") = "FuzzySets", "ConsoleApp1\FuzzySets.csproj", "{3CD241F4-396E-447A-BB3A-128F6A3776C8}"
EndProject
Global
	GlobalSection(SolutionConfigurationPlatforms) = preSolution
		Debug|Any CPU = Debug|Any CPU
		Release|Any CPU = Release|Any CPU
	EndGlobalSection
	GlobalSection(ProjectConfigurationPlatforms) = postSolution
		{3CD241F4-396E-447A-BB3A-128F6A3776C8}.Debug|Any CPU.ActiveCfg = Debug|Any CPU
		{3CD241F4-396E-447A-BB3A-128F6A3776C8}.Debug|Any CPU.Build.0 = Debug|Any CPU
		{3CD241F4-396E-447A-BB3A-128F6A3776C8}.Release|Any CPU.ActiveCfg = Release|Any CPU
		{3CD241F4-396E-447A-BB3A-128F6A3776C8}.Release|Any CPU.Build.0 = Release|Any CPU
	EndGlobalSection
	GlobalSection(SolutionProperties) = preSolution
		HideSolutionNode = FALSE
	EndGlobalSection
	GlobalSection(ExtensibilityGlobals) = postSolution
		SolutionGuid = {EA7F0C7D-022A-4E12-88CB-17B9572BB67B}
	EndGlobalSection
EndGlobal
